// !$*UTF8*$!
{
	archiveVersion = 1;
	classes = {
	};
	objectVersion = 77;
	objects = {

/* Begin PBXBuildFile section */
		A436EBDC301F7E11003E472A /* DTConfigEditorKit in Frameworks */ = {isa = PBXBuildFile; productRef = A436EBDB301F7E11003E472A /* DTConfigEditorKit */; };
/* End PBXBuildFile section */

/* Begin PBXContainerItemProxy section */
		A436EBBE301F7DE0003E472A /* PBXContainerItemProxy */ = {
			isa = PBXContainerItemProxy;
			containerPortal = A436EBA6301F7DDF003E472A /* Project object */;
			proxyType = 1;
			remoteGlobalIDString = A436EBAD301F7DDF003E472A;
			remoteInfo = DTConfigEditorApp;
		};
		A436EBC8301F7DE0003E472A /* PBXContainerItemProxy */ = {
			isa = PBXContainerItemProxy;
			containerPortal = A436EBA6301F7DDF003E472A /* Project object */;
			proxyType = 1;
			remoteGlobalIDString = A436EBAD301F7DDF003E472A;
			remoteInfo = DTConfigEditorApp;
		};
/* End PBXContainerItemProxy section */

/* Begin PBXFileReference section */
		A436EBAE301F7DDF003E472A /* DTConfigEditorApp.app */ = {isa = PBXFileReference; explicitFileType = wrapper.application; includeInIndex = 0; path = DTConfigEditorApp.app; sourceTree = BUILT_PRODUCTS_DIR; };
		A436EBBD301F7DE0003E472A /* DTConfigEditorAppTests.xctest */ = {isa = PBXFileReference; explicitFileType = wrapper.cfbundle; includeInIndex = 0; path = DTConfigEditorAppTests.xctest; sourceTree = BUILT_PRODUCTS_DIR; };
		A436EBC7301F7DE0003E472A /* DTConfigEditorAppUITests.xctest */ = {isa = PBXFileReference; explicitFileType = wrapper.cfbundle; includeInIndex = 0; path = DTConfigEditorAppUITests.xctest; sourceTree = BUILT_PRODUCTS_DIR; };
/* End PBXFileReference section */

/* Begin PBXFileSystemSynchronizedRootGroup section */
		A436EBB0301F7DDF003E472A /* DTConfigEditorApp */ = {
			isa = PBXFileSystemSynchronizedRootGroup;
			path = DTConfigEditorApp;
			sourceTree = "<group>";
		};
		A436EBC0301F7DE0003E472A /* DTConfigEditorAppTests */ = {
			isa = PBXFileSystemSynchronizedRootGroup;
			path = DTConfigEditorAppTests;
			sourceTree = "<group>";
		};
		A436EBCA301F7DE0003E472A /* DTConfigEditorAppUITests */ = {
			isa = PBXFileSystemSynchronizedRootGroup;
			path = DTConfigEditorAppUITests;
			sourceTree = "<group>";
		};
/* End PBXFileSystemSynchronizedRootGroup section */

/* Begin PBXFrameworksBuildPhase section */
		A436EBAB301F7DDF003E472A /* Frameworks */ = {
			isa = PBXFrameworksBuildPhase;
			buildActionMask = 2147483647;
			files = (
				A436EBDC301F7E11003E472A /* DTConfigEditorKit in Frameworks */,
			);
			runOnlyForDeploymentPostprocessing = 0;
		};
		A436EBBA301F7DE0003E472A /* Frameworks */ = {
			isa = PBXFrameworksBuildPhase;
			buildActionMask = 2147483647;
			files = (
			);
			runOnlyForDeploymentPostprocessing = 0;
		};
		A436EBC4301F7DE0003E472A /* Frameworks */ = {
			isa = PBXFrameworksBuildPhase;
			buildActionMask = 2147483647;
			files = (
			);
			runOnlyForDeploymentPostprocessing = 0;
		};
/* End PBXFrameworksBuildPhase section */

/* Begin PBXGroup section */
		A436EBA5301F7DDF003E472A = {
			isa = PBXGroup;
			children = (
				A436EBB0301F7DDF003E472A /* DTConfigEditorApp */,
				A436EBC0301F7DE0003E472A /* DTConfigEditorAppTests */,
				A436EBCA301F7DE0003E472A /* DTConfigEditorAppUITests */,
				A436EBAF301F7DDF003E472A /* Products */,
			);
			sourceTree = "<group>";
		};
		A436EBAF301F7DDF003E472A /* Products */ = {
			isa = PBXGroup;
			children = (
				A436EBAE301F7DDF003E472A /* DTConfigEditorApp.app */,
				A436EBBD301F7DE0003E472A /* DTConfigEditorAppTests.xctest */,
				A436EBC7301F7DE0003E472A /* DTConfigEditorAppUITests.xctest */,
			);
			name = Products;
			sourceTree = "<group>";
		};
/* End PBXGroup section */

/* Begin PBXNativeTarget section */
		A436EBAD301F7DDF003E472A /* DTConfigEditorApp */ = {
			isa = PBXNativeTarget;
			buildConfigurationList = A436EBD1301F7DE0003E472A /* Build configuration list for PBXNativeTarget "DTConfigEditorApp" */;
			buildPhases = (
				A436EBAA301F7DDF003E472A /* Sources */,
				A436EBAB301F7DDF003E472A /* Frameworks */,
				A436EBAC301F7DDF003E472A /* Resources */,
			);
			buildRules = (
			);
			dependencies = (
			);
			fileSystemSynchronizedGroups = (
				A436EBB0301F7DDF003E472A /* DTConfigEditorApp */,
			);
			name = DTConfigEditorApp;
			packageProductDependencies = (
				A436EBDB301F7E11003E472A /* DTConfigEditorKit */,
			);
			productName = DTConfigEditorApp;
			productReference = A436EBAE301F7DDF003E472A /* DTConfigEditorApp.app */;
			productType = "com.apple.product-type.application";
		};
		A436EBBC301F7DE0003E472A /* DTConfigEditorAppTests */ = {
			isa = PBXNativeTarget;
			buildConfigurationList = A436EBD4301F7DE0003E472A /* Build configuration list for PBXNativeTarget "DTConfigEditorAppTests" */;
			buildPhases = (
				A436EBB9301F7DE0003E472A /* Sources */,
				A436EBBA301F7DE0003E472A /* Frameworks */,
				A436EBBB301F7DE0003E472A /* Resources */,
			);
			buildRules = (
			);
			dependencies = (
				A436EBBF301F7DE0003E472A /* PBXTargetDependency */,
			);
			fileSystemSynchronizedGroups = (
				A436EBC0301F7DE0003E472A /* DTConfigEditorAppTests */,
			);
			name = DTConfigEditorAppTests;
			packageProductDependencies = (
			);
			productName = DTConfigEditorAppTests;
			productReference = A436EBBD301F7DE0003E472A /* DTConfigEditorAppTests.xctest */;
			productType = "com.apple.product-type.bundle.unit-test";
		};
		A436EBC6301F7DE0003E472A /* DTConfigEditorAppUITests */ = {
			isa = PBXNativeTarget;
			buildConfigurationList = A436EBD7301F7DE0003E472A /* Build configuration list for PBXNativeTarget "DTConfigEditorAppUITests" */;
			buildPhases = (
				A436EBC3301F7DE0003E472A /* Sources */,
				A436EBC4301F7DE0003E472A /* Frameworks */,
				A436EBC5301F7DE0003E472A /* Resources */,
			);
			buildRules = (
			);
			dependencies = (
				A436EBC9301F7DE0003E472A /* PBXTargetDependency */,
			);
			fileSystemSynchronizedGroups = (
				A436EBCA301F7DE0003E472A /* DTConfigEditorAppUITests */,
			);
			name = DTConfigEditorAppUITests;
			packageProductDependencies = (
			);
			productName = DTConfigEditorAppUITests;
			productReference = A436EBC7301F7DE0003E472A /* DTConfigEditorAppUITests.xctest */;
			productType = "com.apple.product-type.bundle.ui-testing";
		};
/* End PBXNativeTarget section */

/* Begin PBXProject section */
		A436EBA6301F7DDF003E472A /* Project object */ = {
			isa = PBXProject;
			attributes = {
				BuildIndependentTargetsInParallel = 1;
				LastSwiftUpdateCheck = 2660;
				LastUpgradeCheck = 2660;
				TargetAttributes = {
					A436EBAD301F7DDF003E472A = {
						CreatedOnToolsVersion = 26.6;
					};
					A436EBBC301F7DE0003E472A = {
						CreatedOnToolsVersion = 26.6;
						TestTargetID = A436EBAD301F7DDF003E472A;
					};
					A436EBC6301F7DE0003E472A = {
						CreatedOnToolsVersion = 26.6;
						TestTargetID = A436EBAD301F7DDF003E472A;
					};
				};
			};
			buildConfigurationList = A436EBA9301F7DDF003E472A /* Build configuration list for PBXProject "DTConfigEditorApp" */;
			developmentRegion = en;
			hasScannedForEncodings = 0;
			knownRegions = (
				en,
				Base,
			);
			mainGroup = A436EBA5301F7DDF003E472A;
			minimizedProjectReferenceProxies = 1;
			packageReferences = (
				A436EBDA301F7E11003E472A /* XCLocalSwiftPackageReference "../../../DTConfigEditorKit" */,
			);
			preferredProjectObjectVersion = 77;
			productRefGroup = A436EBAF301F7DDF003E472A /* Products */;
			projectDirPath = "";
			projectRoot = "";
			targets = (
				A436EBAD301F7DDF003E472A /* DTConfigEditorApp */,
				A436EBBC301F7DE0003E472A /* DTConfigEditorAppTests */,
				A436EBC6301F7DE0003E472A /* DTConfigEditorAppUITests */,
			);
		};
/* End PBXProject section */

/* Begin PBXResourcesBuildPhase section */
		A436EBAC301F7DDF003E472A /* Resources */ = {
			isa = PBXResourcesBuildPhase;
			buildActionMask = 2147483647;
			files = (
			);
			runOnlyForDeploymentPostprocessing = 0;
		};
		A436EBBB301F7DE0003E472A /* Resources */ = {
			isa = PBXResourcesBuildPhase;
			buildActionMask = 2147483647;
			files = (
			);
			runOnlyForDeploymentPostprocessing = 0;
		};
		A436EBC5301F7DE0003E472A /* Resources */ = {
			isa = PBXResourcesBuildPhase;
			buildActionMask = 2147483647;
			files = (
			);
			runOnlyForDeploymentPostprocessing = 0;
		};
/* End PBXResourcesBuildPhase section */

/* Begin PBXSourcesBuildPhase section */
		A436EBAA301F7DDF003E472A /* Sources */ = {
			isa = PBXSourcesBuildPhase;
			buildActionMask = 2147483647;
			files = (
			);
			runOnlyForDeploymentPostprocessing = 0;
		};
		A436EBB9301F7DE0003E472A /* Sources */ = {
			isa = PBXSourcesBuildPhase;
			buildActionMask = 2147483647;
			files = (
			);
			runOnlyForDeploymentPostprocessing = 0;
		};
		A436EBC3301F7DE0003E472A /* Sources */ = {
			isa = PBXSourcesBuildPhase;
			buildActionMask = 2147483647;
			files = (
			);
			runOnlyForDeploymentPostprocessing = 0;
		};
/* End PBXSourcesBuildPhase section */

/* Begin PBXTargetDependency section */
		A436EBBF301F7DE0003E472A /* PBXTargetDependency */ = {
			isa = PBXTargetDependency;
			target = A436EBAD301F7DDF003E472A /* DTConfigEditorApp */;
			targetProxy = A436EBBE301F7DE0003E472A /* PBXContainerItemProxy */;
		};
		A436EBC9301F7DE0003E472A /* PBXTargetDependency */ = {
			isa = PBXTargetDependency;
			target = A436EBAD301F7DDF003E472A /* DTConfigEditorApp */;
			targetProxy = A436EBC8301F7DE0003E472A /* PBXContainerItemProxy */;
		};
/* End PBXTargetDependency section */

/* Begin XCBuildConfiguration section */
		A436EBCF301F7DE0003E472A /* Debug */ = {
			isa = XCBuildConfiguration;
			buildSettings = {
				ALWAYS_SEARCH_USER_PATHS = NO;
				ASSETCATALOG_COMPILER_GENERATE_SWIFT_ASSET_SYMBOL_EXTENSIONS = YES;
				CLANG_ANALYZER_NONNULL = YES;
				CLANG_ANALYZER_NUMBER_OBJECT_CONVERSION = YES_AGGRESSIVE;
				CLANG_CXX_LANGUAGE_STANDARD = "gnu++20";
				CLANG_ENABLE_MODULES = YES;
				CLANG_ENABLE_OBJC_ARC = YES;
				CLANG_ENABLE_OBJC_WEAK = YES;
				CLANG_WARN_BLOCK_CAPTURE_AUTORELEASING = YES;
				CLANG_WARN_BOOL_CONVERSION = YES;
				CLANG_WARN_COMMA = YES;
				CLANG_WARN_CONSTANT_CONVERSION = YES;
				CLANG_WARN_DEPRECATED_OBJC_IMPLEMENTATIONS = YES;
				CLANG_WARN_DIRECT_OBJC_ISA_USAGE = YES_ERROR;
				CLANG_WARN_DOCUMENTATION_COMMENTS = YES;
				CLANG_WARN_EMPTY_BODY = YES;
				CLANG_WARN_ENUM_CONVERSION = YES;
				CLANG_WARN_INFINITE_RECURSION = YES;
				CLANG_WARN_INT_CONVERSION = YES;
				CLANG_WARN_NON_LITERAL_NULL_CONVERSION = YES;
				CLANG_WARN_OBJC_IMPLICIT_RETAIN_SELF = YES;
				CLANG_WARN_OBJC_LITERAL_CONVERSION = YES;
				CLANG_WARN_OBJC_ROOT_CLASS = YES_ERROR;
				CLANG_WARN_QUOTED_INCLUDE_IN_FRAMEWORK_HEADER = YES;
				CLANG_WARN_RANGE_LOOP_ANALYSIS = YES;
				CLANG_WARN_STRICT_PROTOTYPES = YES;
				CLANG_WARN_SUSPICIOUS_MOVE = YES;
				CLANG_WARN_UNGUARDED_AVAILABILITY = YES_AGGRESSIVE;
				CLANG_WARN_UNREACHABLE_CODE = YES;
				CLANG_WARN__DUPLICATE_METHOD_MATCH = YES;
				COPY_PHASE_STRIP = NO;
				DEBUG_INFORMATION_FORMAT = dwarf;
				DEVELOPMENT_TEAM = 3CC4EX7YW2;
				ENABLE_STRICT_OBJC_MSGSEND = YES;
				ENABLE_TESTABILITY = YES;
				ENABLE_USER_SCRIPT_SANDBOXING = YES;
				GCC_C_LANGUAGE_STANDARD = gnu17;
				GCC_DYNAMIC_NO_PIC = NO;
				GCC_NO_COMMON_BLOCKS = YES;
				GCC_OPTIMIZATION_LEVEL = 0;
				GCC_PREPROCESSOR_DEFINITIONS = (
					"DEBUG=1",
					"$(inherited)",
				);
				GCC_WARN_64_TO_32_BIT_CONVERSION = YES;
				GCC_WARN_ABOUT_RETURN_TYPE = YES_ERROR;
				GCC_WARN_UNDECLARED_SELECTOR = YES;
				GCC_WARN_UNINITIALIZED_AUTOS = YES_AGGRESSIVE;
				GCC_WARN_UNUSED_FUNCTION = YES;
				GCC_WARN_UNUSED_VARIABLE = YES;
				LOCALIZATION_PREFERS_STRING_CATALOGS = YES;
				MTL_ENABLE_DEBUG_INFO = INCLUDE_SOURCE;
				MTL_FAST_MATH = YES;
				ONLY_ACTIVE_ARCH = YES;
				SWIFT_ACTIVE_COMPILATION_CONDITIONS = "DEBUG $(inherited)";
				SWIFT_OPTIMIZATION_LEVEL = "-Onone";
			};
			name = Debug;
		};
		A436EBD0301F7DE0003E472A /* Release */ = {
			isa = XCBuildConfiguration;
			buildSettings = {
				ALWAYS_SEARCH_USER_PATHS = NO;
				ASSETCATALOG_COMPILER_GENERATE_SWIFT_ASSET_SYMBOL_EXTENSIONS = YES;
				CLANG_ANALYZER_NONNULL = YES;
				CLANG_ANALYZER_NUMBER_OBJECT_CONVERSION = YES_AGGRESSIVE;
				CLANG_CXX_LANGUAGE_STANDARD = "gnu++20";
				CLANG_ENABLE_MODULES = YES;
				CLANG_ENABLE_OBJC_ARC = YES;
				CLANG_ENABLE_OBJC_WEAK = YES;
				CLANG_WARN_BLOCK_CAPTURE_AUTORELEASING = YES;
				CLANG_WARN_BOOL_CONVERSION = YES;
				CLANG_WARN_COMMA = YES;
				CLANG_WARN_CONSTANT_CONVERSION = YES;
				CLANG_WARN_DEPRECATED_OBJC_IMPLEMENTATIONS = YES;
				CLANG_WARN_DIRECT_OBJC_ISA_USAGE = YES_ERROR;
				CLANG_WARN_DOCUMENTATION_COMMENTS = YES;
				CLANG_WARN_EMPTY_BODY = YES;
				CLANG_WARN_ENUM_CONVERSION = YES;
				CLANG_WARN_INFINITE_RECURSION = YES;
				CLANG_WARN_INT_CONVERSION = YES;
				CLANG_WARN_NON_LITERAL_NULL_CONVERSION = YES;
				CLANG_WARN_OBJC_IMPLICIT_RETAIN_SELF = YES;
				CLANG_WARN_OBJC_LITERAL_CONVERSION = YES;
				CLANG_WARN_OBJC_ROOT_CLASS = YES_ERROR;
				CLANG_WARN_QUOTED_INCLUDE_IN_FRAMEWORK_HEADER = YES;
				CLANG_WARN_RANGE_LOOP_ANALYSIS = YES;
				CLANG_WARN_STRICT_PROTOTYPES = YES;
				CLANG_WARN_SUSPICIOUS_MOVE = YES;
				CLANG_WARN_UNGUARDED_AVAILABILITY = YES_AGGRESSIVE;
				CLANG_WARN_UNREACHABLE_CODE = YES;
				CLANG_WARN__DUPLICATE_METHOD_MATCH = YES;
				COPY_PHASE_STRIP = NO;
				DEBUG_INFORMATION_FORMAT = "dwarf-with-dsym";
				DEVELOPMENT_TEAM = 3CC4EX7YW2;
				ENABLE_NS_ASSERTIONS = NO;
				ENABLE_STRICT_OBJC_MSGSEND = YES;
				ENABLE_USER_SCRIPT_SANDBOXING = YES;
				GCC_C_LANGUAGE_STANDARD = gnu17;
				GCC_NO_COMMON_BLOCKS = YES;
				GCC_WARN_64_TO_32_BIT_CONVERSION = YES;
				GCC_WARN_ABOUT_RETURN_TYPE = YES_ERROR;
				GCC_WARN_UNDECLARED_SELECTOR = YES;
				GCC_WARN_UNINITIALIZED_AUTOS = YES_AGGRESSIVE;
				GCC_WARN_UNUSED_FUNCTION = YES;
				GCC_WARN_UNUSED_VARIABLE = YES;
				LOCALIZATION_PREFERS_STRING_CATALOGS = YES;
				MTL_ENABLE_DEBUG_INFO = NO;
				MTL_FAST_MATH = YES;
				SWIFT_COMPILATION_MODE = wholemodule;
			};
			name = Release;
		};
		A436EBD2301F7DE0003E472A /* Debug */ = {
			isa = XCBuildConfiguration;
			buildSettings = {
				ASSETCATALOG_COMPILER_APPICON_NAME = AppIcon;
				ASSETCATALOG_COMPILER_GLOBAL_ACCENT_COLOR_NAME = AccentColor;
				CODE_SIGN_STYLE = Automatic;
				CURRENT_PROJECT_VERSION = 1;
				DEVELOPMENT_TEAM = 3CC4EX7YW2;
				ENABLE_APP_SANDBOX = YES;
				ENABLE_HARDENED_RUNTIME = YES;
				ENABLE_PREVIEWS = YES;
				ENABLE_USER_SELECTED_FILES = readonly;
				GENERATE_INFOPLIST_FILE = YES;
				"INFOPLIST_KEY_UIApplicationSceneManifest_Generation[sdk=iphoneos*]" = YES;
				"INFOPLIST_KEY_UIApplicationSceneManifest_Generation[sdk=iphonesimulator*]" = YES;
				"INFOPLIST_KEY_UIApplicationSupportsIndirectInputEvents[sdk=iphoneos*]" = YES;
				"INFOPLIST_KEY_UIApplicationSupportsIndirectInputEvents[sdk=iphonesimulator*]" = YES;
				"INFOPLIST_KEY_UILaunchScreen_Generation[sdk=iphoneos*]" = YES;
				"INFOPLIST_KEY_UILaunchScreen_Generation[sdk=iphonesimulator*]" = YES;
				"INFOPLIST_KEY_UIStatusBarStyle[sdk=iphoneos*]" = UIStatusBarStyleDefault;
				"INFOPLIST_KEY_UIStatusBarStyle[sdk=iphonesimulator*]" = UIStatusBarStyleDefault;
				INFOPLIST_KEY_UISupportedInterfaceOrientations_iPad = "UIInterfaceOrientationPortrait UIInterfaceOrientationPortraitUpsideDown UIInterfaceOrientationLandscapeLeft UIInterfaceOrientationLandscapeRight";
				INFOPLIST_KEY_UISupportedInterfaceOrientations_iPhone = "UIInterfaceOrientationPortrait UIInterfaceOrientationLandscapeLeft UIInterfaceOrientationLandscapeRight";
				IPHONEOS_DEPLOYMENT_TARGET = 26.5;
				LD_RUNPATH_SEARCH_PATHS = "@executable_path/Frameworks";
				"LD_RUNPATH_SEARCH_PATHS[sdk=macosx*]" = "@executable_path/../Frameworks";
				MACOSX_DEPLOYMENT_TARGET = 26.5;
				MARKETING_VERSION = 1.0;
				PRODUCT_BUNDLE_IDENTIFIER = "euphoria-ai.DTConfigEditorApp";
				PRODUCT_NAME = "$(TARGET_NAME)";
				REGISTER_APP_GROUPS = YES;
				SDKROOT = auto;
				STRING_CATALOG_GENERATE_SYMBOLS = YES;
				SUPPORTED_PLATFORMS = "iphoneos iphonesimulator macosx xros xrsimulator";
				SWIFT_APPROACHABLE_CONCURRENCY = YES;
				SWIFT_DEFAULT_ACTOR_ISOLATION = MainActor;
				SWIFT_EMIT_LOC_STRINGS = YES;
				SWIFT_UPCOMING_FEATURE_MEMBER_IMPORT_VISIBILITY = YES;
				SWIFT_VERSION = 5.0;
				TARGETED_DEVICE_FAMILY = "1,2,7";
				XROS_DEPLOYMENT_TARGET = 26.5;
			};
			name = Debug;
		};
		A436EBD3301F7DE0003E472A /* Release */ = {
			isa = XCBuildConfiguration;
			buildSettings = {
				ASSETCATALOG_COMPILER_APPICON_NAME = AppIcon;
				ASSETCATALOG_COMPILER_GLOBAL_ACCENT_COLOR_NAME = AccentColor;
				CODE_SIGN_STYLE = Automatic;
				CURRENT_PROJECT_VERSION = 1;
				DEVELOPMENT_TEAM = 3CC4EX7YW2;
				ENABLE_APP_SANDBOX = YES;
				ENABLE_HARDENED_RUNTIME = YES;
				ENABLE_PREVIEWS = YES;
				ENABLE_USER_SELECTED_FILES = readonly;
				GENERATE_INFOPLIST_FILE = YES;
				"INFOPLIST_KEY_UIApplicationSceneManifest_Generation[sdk=iphoneos*]" = YES;
				"INFOPLIST_KEY_UIApplicationSceneManifest_Generation[sdk=iphonesimulator*]" = YES;
				"INFOPLIST_KEY_UIApplicationSupportsIndirectInputEvents[sdk=iphoneos*]" = YES;
				"INFOPLIST_KEY_UIApplicationSupportsIndirectInputEvents[sdk=iphonesimulator*]" = YES;
				"INFOPLIST_KEY_UILaunchScreen_Generation[sdk=iphoneos*]" = YES;
				"INFOPLIST_KEY_UILaunchScreen_Generation[sdk=iphonesimulator*]" = YES;
				"INFOPLIST_KEY_UIStatusBarStyle[sdk=iphoneos*]" = UIStatusBarStyleDefault;
				"INFOPLIST_KEY_UIStatusBarStyle[sdk=iphonesimulator*]" = UIStatusBarStyleDefault;
				INFOPLIST_KEY_UISupportedInterfaceOrientations_iPad = "UIInterfaceOrientationPortrait UIInterfaceOrientationPortraitUpsideDown UIInterfaceOrientationLandscapeLeft UIInterfaceOrientationLandscapeRight";
				INFOPLIST_KEY_UISupportedInterfaceOrientations_iPhone = "UIInterfaceOrientationPortrait UIInterfaceOrientationLandscapeLeft UIInterfaceOrientationLandscapeRight";
				IPHONEOS_DEPLOYMENT_TARGET = 26.5;
				LD_RUNPATH_SEARCH_PATHS = "@executable_path/Frameworks";
				"LD_RUNPATH_SEARCH_PATHS[sdk=macosx*]" = "@executable_path/../Frameworks";
				MACOSX_DEPLOYMENT_TARGET = 26.5;
				MARKETING_VERSION = 1.0;
				PRODUCT_BUNDLE_IDENTIFIER = "euphoria-ai.DTConfigEditorApp";
				PRODUCT_NAME = "$(TARGET_NAME)";
				REGISTER_APP_GROUPS = YES;
				SDKROOT = auto;
				STRING_CATALOG_GENERATE_SYMBOLS = YES;
				SUPPORTED_PLATFORMS = "iphoneos iphonesimulator macosx xros xrsimulator";
				SWIFT_APPROACHABLE_CONCURRENCY = YES;
				SWIFT_DEFAULT_ACTOR_ISOLATION = MainActor;
				SWIFT_EMIT_LOC_STRINGS = YES;
				SWIFT_UPCOMING_FEATURE_MEMBER_IMPORT_VISIBILITY = YES;
				SWIFT_VERSION = 5.0;
				TARGETED_DEVICE_FAMILY = "1,2,7";
				XROS_DEPLOYMENT_TARGET = 26.5;
			};
			name = Release;
		};
		A436EBD5301F7DE0003E472A /* Debug */ = {
			isa = XCBuildConfiguration;
			buildSettings = {
				BUNDLE_LOADER = "$(TEST_HOST)";
				CODE_SIGN_STYLE = Automatic;
				CURRENT_PROJECT_VERSION = 1;
				DEVELOPMENT_TEAM = 3CC4EX7YW2;
				GENERATE_INFOPLIST_FILE = YES;
				IPHONEOS_DEPLOYMENT_TARGET = 26.5;
				MACOSX_DEPLOYMENT_TARGET = 26.5;
				MARKETING_VERSION = 1.0;
				PRODUCT_BUNDLE_IDENTIFIER = "euphoria-ai.DTConfigEditorAppTests";
				PRODUCT_NAME = "$(TARGET_NAME)";
				SDKROOT = auto;
				STRING_CATALOG_GENERATE_SYMBOLS = NO;
				SUPPORTED_PLATFORMS = "iphoneos iphonesimulator macosx xros xrsimulator";
				SWIFT_APPROACHABLE_CONCURRENCY = YES;
				SWIFT_EMIT_LOC_STRINGS = NO;
				SWIFT_UPCOMING_FEATURE_MEMBER_IMPORT_VISIBILITY = YES;
				SWIFT_VERSION = 5.0;
				TARGETED_DEVICE_FAMILY = "1,2,7";
				TEST_HOST = "$(BUILT_PRODUCTS_DIR)/DTConfigEditorApp.app/$(BUNDLE_EXECUTABLE_FOLDER_PATH)/DTConfigEditorApp";
				XROS_DEPLOYMENT_TARGET = 26.5;
			};
			name = Debug;
		};
		A436EBD6301F7DE0003E472A /* Release */ = {
			isa = XCBuildConfiguration;
			buildSettings = {
				BUNDLE_LOADER = "$(TEST_HOST)";
				CODE_SIGN_STYLE = Automatic;
				CURRENT_PROJECT_VERSION = 1;
				DEVELOPMENT_TEAM = 3CC4EX7YW2;
				GENERATE_INFOPLIST_FILE = YES;
				IPHONEOS_DEPLOYMENT_TARGET = 26.5;
				MACOSX_DEPLOYMENT_TARGET = 26.5;
				MARKETING_VERSION = 1.0;
				PRODUCT_BUNDLE_IDENTIFIER = "euphoria-ai.DTConfigEditorAppTests";
				PRODUCT_NAME = "$(TARGET_NAME)";
				SDKROOT = auto;
				STRING_CATALOG_GENERATE_SYMBOLS = NO;
				SUPPORTED_PLATFORMS = "iphoneos iphonesimulator macosx xros xrsimulator";
				SWIFT_APPROACHABLE_CONCURRENCY = YES;
				SWIFT_EMIT_LOC_STRINGS = NO;
				SWIFT_UPCOMING_FEATURE_MEMBER_IMPORT_VISIBILITY = YES;
				SWIFT_VERSION = 5.0;
				TARGETED_DEVICE_FAMILY = "1,2,7";
				TEST_HOST = "$(BUILT_PRODUCTS_DIR)/DTConfigEditorApp.app/$(BUNDLE_EXECUTABLE_FOLDER_PATH)/DTConfigEditorApp";
				XROS_DEPLOYMENT_TARGET = 26.5;
			};
			name = Release;
		};
		A436EBD8301F7DE0003E472A /* Debug */ = {
			isa = XCBuildConfiguration;
			buildSettings = {
				CODE_SIGN_STYLE = Automatic;
				CURRENT_PROJECT_VERSION = 1;
				DEVELOPMENT_TEAM = 3CC4EX7YW2;
				GENERATE_INFOPLIST_FILE = YES;
				IPHONEOS_DEPLOYMENT_TARGET = 26.5;
				MACOSX_DEPLOYMENT_TARGET = 26.5;
				MARKETING_VERSION = 1.0;
				PRODUCT_BUNDLE_IDENTIFIER = "euphoria-ai.DTConfigEditorAppUITests";
				PRODUCT_NAME = "$(TARGET_NAME)";
				SDKROOT = auto;
				STRING_CATALOG_GENERATE_SYMBOLS = NO;
				SUPPORTED_PLATFORMS = "iphoneos iphonesimulator macosx xros xrsimulator";
				SWIFT_APPROACHABLE_CONCURRENCY = YES;
				SWIFT_EMIT_LOC_STRINGS = NO;
				SWIFT_UPCOMING_FEATURE_MEMBER_IMPORT_VISIBILITY = YES;
				SWIFT_VERSION = 5.0;
				TARGETED_DEVICE_FAMILY = "1,2,7";
				TEST_TARGET_NAME = DTConfigEditorApp;
				XROS_DEPLOYMENT_TARGET = 26.5;
			};
			name = Debug;
		};
		A436EBD9301F7DE0003E472A /* Release */ = {
			isa = XCBuildConfiguration;
			buildSettings = {
				CODE_SIGN_STYLE = Automatic;
				CURRENT_PROJECT_VERSION = 1;
				DEVELOPMENT_TEAM = 3CC4EX7YW2;
				GENERATE_INFOPLIST_FILE = YES;
				IPHONEOS_DEPLOYMENT_TARGET = 26.5;
				MACOSX_DEPLOYMENT_TARGET = 26.5;
				MARKETING_VERSION = 1.0;
				PRODUCT_BUNDLE_IDENTIFIER = "euphoria-ai.DTConfigEditorAppUITests";
				PRODUCT_NAME = "$(TARGET_NAME)";
				SDKROOT = auto;
				STRING_CATALOG_GENERATE_SYMBOLS = NO;
				SUPPORTED_PLATFORMS = "iphoneos iphonesimulator macosx xros xrsimulator";
				SWIFT_APPROACHABLE_CONCURRENCY = YES;
				SWIFT_EMIT_LOC_STRINGS = NO;
				SWIFT_UPCOMING_FEATURE_MEMBER_IMPORT_VISIBILITY = YES;
				SWIFT_VERSION = 5.0;
				TARGETED_DEVICE_FAMILY = "1,2,7";
				TEST_TARGET_NAME = DTConfigEditorApp;
				XROS_DEPLOYMENT_TARGET = 26.5;
			};
			name = Release;
		};
/* End XCBuildConfiguration section */

/* Begin XCConfigurationList section */
		A436EBA9301F7DDF003E472A /* Build configuration list for PBXProject "DTConfigEditorApp" */ = {
			isa = XCConfigurationList;
			buildConfigurations = (
				A436EBCF301F7DE0003E472A /* Debug */,
				A436EBD0301F7DE0003E472A /* Release */,
			);
			defaultConfigurationIsVisible = 0;
			defaultConfigurationName = Release;
		};
		A436EBD1301F7DE0003E472A /* Build configuration list for PBXNativeTarget "DTConfigEditorApp" */ = {
			isa = XCConfigurationList;
			buildConfigurations = (
				A436EBD2301F7DE0003E472A /* Debug */,
				A436EBD3301F7DE0003E472A /* Release */,
			);
			defaultConfigurationIsVisible = 0;
			defaultConfigurationName = Release;
		};
		A436EBD4301F7DE0003E472A /* Build configuration list for PBXNativeTarget "DTConfigEditorAppTests" */ = {
			isa = XCConfigurationList;
			buildConfigurations = (
				A436EBD5301F7DE0003E472A /* Debug */,
				A436EBD6301F7DE0003E472A /* Release */,
			);
			defaultConfigurationIsVisible = 0;
			defaultConfigurationName = Release;
		};
		A436EBD7301F7DE0003E472A /* Build configuration list for PBXNativeTarget "DTConfigEditorAppUITests" */ = {
			isa = XCConfigurationList;
			buildConfigurations = (
				A436EBD8301F7DE0003E472A /* Debug */,
				A436EBD9301F7DE0003E472A /* Release */,
			);
			defaultConfigurationIsVisible = 0;
			defaultConfigurationName = Release;
		};
/* End XCConfigurationList section */

/* Begin XCLocalSwiftPackageReference section */
		A436EBDA301F7E11003E472A /* XCLocalSwiftPackageReference "../../../DTConfigEditorKit" */ = {
			isa = XCLocalSwiftPackageReference;
			relativePath = ../../../DTConfigEditorKit;
		};
/* End XCLocalSwiftPackageReference section */

/* Begin XCSwiftPackageProductDependency section */
		A436EBDB301F7E11003E472A /* DTConfigEditorKit */ = {
			isa = XCSwiftPackageProductDependency;
			productName = DTConfigEditorKit;
		};
/* End XCSwiftPackageProductDependency section */
	};
	rootObject = A436EBA6301F7DDF003E472A /* Project object */;
}
